word: block
translation:
  - B
  - L
  - AA
  - K
availableAccents:
  - general-american
  - irish
  - rp
recordings:
  - accent: general-american
    src: general-american/block.webm
  - accent: irish
    src: irish/block.webm
  - accent: rp
    src: rp/block.webm
relatedWords:
  - blink
  - college
  - obviously
  - possible
  - bottle
